
Microsoft Visual Studio Solution File, Format Version 12.00
# Visual Studio Version 17
VisualStudioVersion = 17.14.36603.0
MinimumVisualStudioVersion = 10.0.40219.1
Project("{FAE04EC0-301F-11D3-BF4B-00C04F79EFBC}") = "TechStore", "TechStore.csproj", "{87F454E7-AA4A-4DF8-BAEC-068684D6F45B}"
EndProject
Project("{FAE04EC0-301F-11D3-BF4B-00C04F79EFBC}") = "TechStore.Shared-ViewModels", "..\TechStore.Shared-ViewModels\TechStore.Shared-ViewModels.csproj", "{A0C78DCD-F7CA-46CD-9F7C-1EF5116C8083}"
EndProject
Project("{FAE04EC0-301F-11D3-BF4B-00C04F79EFBC}") = "TechStore.Service", "..\TechStore.Service\TechStore.Service.csproj", "{40DB93E3-1A1B-4E42-826F-9EEBDFBDBA98}"
EndProject
Project("{FAE04EC0-301F-11D3-BF4B-00C04F79EFBC}") = "TechStore.Data", "..\TechStore.Data\TechStore.Data.csproj", "{22158761-96FB-466A-A91B-1DE6B8B150FE}"
EndProject
Global
	GlobalSection(SolutionConfigurationPlatforms) = preSolution
		Debug|Any CPU = Debug|Any CPU
		Release|Any CPU = Release|Any CPU
	EndGlobalSection
	GlobalSection(ProjectConfigurationPlatforms) = postSolution
		{87F454E7-AA4A-4DF8-BAEC-068684D6F45B}.Debug|Any CPU.ActiveCfg = Debug|Any CPU
		{87F454E7-AA4A-4DF8-BAEC-068684D6F45B}.Debug|Any CPU.Build.0 = Debug|Any CPU
		{87F454E7-AA4A-4DF8-BAEC-068684D6F45B}.Release|Any CPU.ActiveCfg = Release|Any CPU
		{87F454E7-AA4A-4DF8-BAEC-068684D6F45B}.Release|Any CPU.Build.0 = Release|Any CPU
		{A0C78DCD-F7CA-46CD-9F7C-1EF5116C8083}.Debug|Any CPU.ActiveCfg = Debug|Any CPU
		{A0C78DCD-F7CA-46CD-9F7C-1EF5116C8083}.Debug|Any CPU.Build.0 = Debug|Any CPU
		{A0C78DCD-F7CA-46CD-9F7C-1EF5116C8083}.Release|Any CPU.ActiveCfg = Release|Any CPU
		{A0C78DCD-F7CA-46CD-9F7C-1EF5116C8083}.Release|Any CPU.Build.0 = Release|Any CPU
		{40DB93E3-1A1B-4E42-826F-9EEBDFBDBA98}.Debug|Any CPU.ActiveCfg = Debug|Any CPU
		{40DB93E3-1A1B-4E42-826F-9EEBDFBDBA98}.Debug|Any CPU.Build.0 = Debug|Any CPU
		{40DB93E3-1A1B-4E42-826F-9EEBDFBDBA98}.Release|Any CPU.ActiveCfg = Release|Any CPU
		{40DB93E3-1A1B-4E42-826F-9EEBDFBDBA98}.Release|Any CPU.Build.0 = Release|Any CPU
		{22158761-96FB-466A-A91B-1DE6B8B150FE}.Debug|Any CPU.ActiveCfg = Debug|Any CPU
		{22158761-96FB-466A-A91B-1DE6B8B150FE}.Debug|Any CPU.Build.0 = Debug|Any CPU
		{22158761-96FB-466A-A91B-1DE6B8B150FE}.Release|Any CPU.ActiveCfg = Release|Any CPU
		{22158761-96FB-466A-A91B-1DE6B8B150FE}.Release|Any CPU.Build.0 = Release|Any CPU
	EndGlobalSection
	GlobalSection(SolutionProperties) = preSolution
		HideSolutionNode = FALSE
	EndGlobalSection
	GlobalSection(ExtensibilityGlobals) = postSolution
		SolutionGuid = {1726EC2A-B68C-455B-8244-B4CD2B942763}
	EndGlobalSection
EndGlobal
